
Microsoft Visual Studio Solution File, Format Version 12.00
# Visual Studio Version 17
VisualStudioVersion = 17.0.32002.185
MinimumVisualStudioVersion = 10.0.40219.1
Project("{9A19103F-16F7-4668-BE54-9A1E7A4F7556}") = "GaliciaSeguros.IaaS.Service.Chassis.API", "src\GaliciaSeguros.IaaS.Service.Chassis.API\GaliciaSeguros.IaaS.Service.Chassis.API.csproj", "{FD7DF635-2085-4139-9225-820897197C3E}"
EndProject
Project("{9A19103F-16F7-4668-BE54-9A1E7A4F7556}") = "GaliciaSeguros.IaaS.Service.Chassis.Storage", "src\GaliciaSeguros.IaaS.Service.Chassis.Storage\GaliciaSeguros.IaaS.Service.Chassis.Storage.csproj", "{0A0B4473-5345-4148-B1BE-91F4DA392919}"
EndProject
Project("{FAE04EC0-301F-11D3-BF4B-00C04F79EFBC}") = "GaliciaSeguros.IaaS.Service.Chassis.Storage.Mongo", "src\GaliciaSeguros.IaaS.Service.Chassis.Storage.Mongo\GaliciaSeguros.IaaS.Service.Chassis.Storage.Mongo.csproj", "{C35692BF-10A2-4D07-A112-1922DE58ADEF}"
EndProject
Project("{FAE04EC0-301F-11D3-BF4B-00C04F79EFBC}") = "GaliciaSeguros.IaaS.Service.Chassis.Swagger", "src\GaliciaSeguros.IaaS.Service.Chassis.Swagger\GaliciaSeguros.IaaS.Service.Chassis.Swagger.csproj", "{69046851-2787-4566-AA4C-EF638AF30368}"
EndProject
Global
	GlobalSection(SolutionConfigurationPlatforms) = preSolution
		Debug|Any CPU = Debug|Any CPU
		Release|Any CPU = Release|Any CPU
	EndGlobalSection
	GlobalSection(ProjectConfigurationPlatforms) = postSolution
		{FD7DF635-2085-4139-9225-820897197C3E}.Debug|Any CPU.ActiveCfg = Debug|Any CPU
		{FD7DF635-2085-4139-9225-820897197C3E}.Debug|Any CPU.Build.0 = Debug|Any CPU
		{FD7DF635-2085-4139-9225-820897197C3E}.Release|Any CPU.ActiveCfg = Release|Any CPU
		{FD7DF635-2085-4139-9225-820897197C3E}.Release|Any CPU.Build.0 = Release|Any CPU
		{0A0B4473-5345-4148-B1BE-91F4DA392919}.Debug|Any CPU.ActiveCfg = Debug|Any CPU
		{0A0B4473-5345-4148-B1BE-91F4DA392919}.Debug|Any CPU.Build.0 = Debug|Any CPU
		{0A0B4473-5345-4148-B1BE-91F4DA392919}.Release|Any CPU.ActiveCfg = Release|Any CPU
		{0A0B4473-5345-4148-B1BE-91F4DA392919}.Release|Any CPU.Build.0 = Release|Any CPU
		{C35692BF-10A2-4D07-A112-1922DE58ADEF}.Debug|Any CPU.ActiveCfg = Debug|Any CPU
		{C35692BF-10A2-4D07-A112-1922DE58ADEF}.Debug|Any CPU.Build.0 = Debug|Any CPU
		{C35692BF-10A2-4D07-A112-1922DE58ADEF}.Release|Any CPU.ActiveCfg = Release|Any CPU
		{C35692BF-10A2-4D07-A112-1922DE58ADEF}.Release|Any CPU.Build.0 = Release|Any CPU
		{69046851-2787-4566-AA4C-EF638AF30368}.Debug|Any CPU.ActiveCfg = Debug|Any CPU
		{69046851-2787-4566-AA4C-EF638AF30368}.Debug|Any CPU.Build.0 = Debug|Any CPU
		{69046851-2787-4566-AA4C-EF638AF30368}.Release|Any CPU.ActiveCfg = Release|Any CPU
		{69046851-2787-4566-AA4C-EF638AF30368}.Release|Any CPU.Build.0 = Release|Any CPU
	EndGlobalSection
	GlobalSection(SolutionProperties) = preSolution
		HideSolutionNode = FALSE
	EndGlobalSection
	GlobalSection(ExtensibilityGlobals) = postSolution
		SolutionGuid = {3EFC5B02-F896-4252-A658-90E565A9D098}
	EndGlobalSection
EndGlobal
