
Microsoft Visual Studio Solution File, Format Version 12.00
# Visual Studio Version 17
VisualStudioVersion = 17.0.32002.185
MinimumVisualStudioVersion = 10.0.40219.1
Project("{9A19103F-16F7-4668-BE54-9A1E7A4F7556}") = "GaliciaSeguros.Service.Chassis.API", "GaliciaSeguros.Service.Chassis.API\GaliciaSeguros.Service.Chassis.API.csproj", "{2156B746-E1D5-47CF-8916-76B57B166000}"
EndProject
Project("{FAE04EC0-301F-11D3-BF4B-00C04F79EFBC}") = "GaliciaSeguros.Service.Chassis.Storage", "GaliciaSeguros.Service.Chassis.Storage\GaliciaSeguros.Service.Chassis.Storage.csproj", "{CEE549CF-2EB6-4E37-BC66-E1CEAE14A2E9}"
EndProject
Global
	GlobalSection(SolutionConfigurationPlatforms) = preSolution
		Debug|Any CPU = Debug|Any CPU
		Release|Any CPU = Release|Any CPU
	EndGlobalSection
	GlobalSection(ProjectConfigurationPlatforms) = postSolution
		{2156B746-E1D5-47CF-8916-76B57B166000}.Debug|Any CPU.ActiveCfg = Debug|Any CPU
		{2156B746-E1D5-47CF-8916-76B57B166000}.Debug|Any CPU.Build.0 = Debug|Any CPU
		{2156B746-E1D5-47CF-8916-76B57B166000}.Release|Any CPU.ActiveCfg = Release|Any CPU
		{2156B746-E1D5-47CF-8916-76B57B166000}.Release|Any CPU.Build.0 = Release|Any CPU
		{CEE549CF-2EB6-4E37-BC66-E1CEAE14A2E9}.Debug|Any CPU.ActiveCfg = Debug|Any CPU
		{CEE549CF-2EB6-4E37-BC66-E1CEAE14A2E9}.Debug|Any CPU.Build.0 = Debug|Any CPU
		{CEE549CF-2EB6-4E37-BC66-E1CEAE14A2E9}.Release|Any CPU.ActiveCfg = Release|Any CPU
		{CEE549CF-2EB6-4E37-BC66-E1CEAE14A2E9}.Release|Any CPU.Build.0 = Release|Any CPU
	EndGlobalSection
	GlobalSection(SolutionProperties) = preSolution
		HideSolutionNode = FALSE
	EndGlobalSection
	GlobalSection(ExtensibilityGlobals) = postSolution
		SolutionGuid = {381DD2DE-9EE7-48AB-ACB3-F09B22041AC8}
	EndGlobalSection
EndGlobal
